{
  "name": "test-github-actions",
  "version": "1.0.0",
  "lockfileVersion": 2,
  "requires": true,
  "packages": {
    "": {
      "name": "test-github-actions",
      "version": "1.0.0",
      "license": "ISC",
      "dependencies": {
        "@vercel/ncc": "^0.36.0"
      }
    },
    "node_modules/@vercel/ncc": {
      "version": "0.36.0",
      "resolved": "https://registry.aws.itential.com/repository/itential/@vercel/ncc/-/ncc-0.36.0.tgz",
      "integrity": "sha512-/ZTUJ/ZkRt694k7KJNimgmHjtQcRuVwsST2Z6XfYveQIuBbHR+EqkTc1jfgPkQmMyk/vtpxo3nVxe8CNuau86A==",
      "license": "MIT",
      "bin": {
        "ncc": "dist/ncc/cli.js"
      }
    }
  },
  "dependencies": {
    "@vercel/ncc": {
      "version": "0.36.0",
      "resolved": "https://registry.aws.itential.com/repository/itential/@vercel/ncc/-/ncc-0.36.0.tgz",
      "integrity": "sha512-/ZTUJ/ZkRt694k7KJNimgmHjtQcRuVwsST2Z6XfYveQIuBbHR+EqkTc1jfgPkQmMyk/vtpxo3nVxe8CNuau86A=="
    }
  }
}
